
Microsoft Visual Studio Solution File, Format Version 12.00
# Visual Studio Version 16
VisualStudioVersion = 16.0.30204.135
MinimumVisualStudioVersion = 10.0.40219.1
Project("{9A19103F-16F7-4668-BE54-9A1E7A4F7556}") = "CCBRSA", "src\CCBRSA\CCBRSA.csproj", "{00B9EAE6-B085-45D9-9DC5-A2241164B153}"
EndProject
Project("{9A19103F-16F7-4668-BE54-9A1E7A4F7556}") = "CCBRSA.Test", "test\CCBRSA.Test\CCBRSA.Test.csproj", "{12C3FC98-B508-45C0-AE3F-D28CB1757F9F}"
EndProject
Global
	GlobalSection(SolutionConfigurationPlatforms) = preSolution
		Debug|Any CPU = Debug|Any CPU
		Release|Any CPU = Release|Any CPU
	EndGlobalSection
	GlobalSection(ProjectConfigurationPlatforms) = postSolution
		{00B9EAE6-B085-45D9-9DC5-A2241164B153}.Debug|Any CPU.ActiveCfg = Debug|Any CPU
		{00B9EAE6-B085-45D9-9DC5-A2241164B153}.Debug|Any CPU.Build.0 = Debug|Any CPU
		{00B9EAE6-B085-45D9-9DC5-A2241164B153}.Release|Any CPU.ActiveCfg = Release|Any CPU
		{00B9EAE6-B085-45D9-9DC5-A2241164B153}.Release|Any CPU.Build.0 = Release|Any CPU
		{12C3FC98-B508-45C0-AE3F-D28CB1757F9F}.Debug|Any CPU.ActiveCfg = Debug|Any CPU
		{12C3FC98-B508-45C0-AE3F-D28CB1757F9F}.Debug|Any CPU.Build.0 = Debug|Any CPU
		{12C3FC98-B508-45C0-AE3F-D28CB1757F9F}.Release|Any CPU.ActiveCfg = Release|Any CPU
		{12C3FC98-B508-45C0-AE3F-D28CB1757F9F}.Release|Any CPU.Build.0 = Release|Any CPU
	EndGlobalSection
	GlobalSection(SolutionProperties) = preSolution
		HideSolutionNode = FALSE
	EndGlobalSection
	GlobalSection(ExtensibilityGlobals) = postSolution
		SolutionGuid = {F39AE777-A6C2-4ECA-9C24-80A2D4FE7B38}
	EndGlobalSection
EndGlobal
